
Microsoft Visual Studio Solution File, Format Version 12.00
# Visual Studio Version 16
VisualStudioVersion = 16.0.810.8
MinimumVisualStudioVersion = 10.0.40219.1
Project("{FAE04EC0-301F-11D3-BF4B-00C04F79EFBC}") = "vs_c_sharp", "vs_c_sharp\vs_c_sharp.csproj", "{9819B6AC-F61F-4A42-B818-B79E4F665D9B}"
EndProject
Global
	GlobalSection(SolutionConfigurationPlatforms) = preSolution
		Debug|Any CPU = Debug|Any CPU
		Release|Any CPU = Release|Any CPU
	EndGlobalSection
	GlobalSection(ProjectConfigurationPlatforms) = postSolution
		{9819B6AC-F61F-4A42-B818-B79E4F665D9B}.Debug|Any CPU.ActiveCfg = Debug|Any CPU
		{9819B6AC-F61F-4A42-B818-B79E4F665D9B}.Debug|Any CPU.Build.0 = Debug|Any CPU
		{9819B6AC-F61F-4A42-B818-B79E4F665D9B}.Release|Any CPU.ActiveCfg = Release|Any CPU
		{9819B6AC-F61F-4A42-B818-B79E4F665D9B}.Release|Any CPU.Build.0 = Release|Any CPU
	EndGlobalSection
	GlobalSection(SolutionProperties) = preSolution
		HideSolutionNode = FALSE
	EndGlobalSection
	GlobalSection(ExtensibilityGlobals) = postSolution
		SolutionGuid = {F91254CE-0407-4CAB-AC11-DE76513BD527}
	EndGlobalSection
EndGlobal
